
Microsoft Visual Studio Solution File, Format Version 12.00
# Visual Studio Version 16
VisualStudioVersion = 16.0.30320.27
MinimumVisualStudioVersion = 10.0.40219.1
Project("{FAE04EC0-301F-11D3-BF4B-00C04F79EFBC}") = "Semicrol", "Semicrol.csproj", "{3520A81E-9929-4C1F-97EF-CF028BA01284}"
EndProject
Global
	GlobalSection(SolutionConfigurationPlatforms) = preSolution
		Debug|Any CPU = Debug|Any CPU
		Release|Any CPU = Release|Any CPU
	EndGlobalSection
	GlobalSection(ProjectConfigurationPlatforms) = postSolution
		{3520A81E-9929-4C1F-97EF-CF028BA01284}.Debug|Any CPU.ActiveCfg = Debug|Any CPU
		{3520A81E-9929-4C1F-97EF-CF028BA01284}.Debug|Any CPU.Build.0 = Debug|Any CPU
		{3520A81E-9929-4C1F-97EF-CF028BA01284}.Release|Any CPU.ActiveCfg = Release|Any CPU
		{3520A81E-9929-4C1F-97EF-CF028BA01284}.Release|Any CPU.Build.0 = Release|Any CPU
	EndGlobalSection
	GlobalSection(SolutionProperties) = preSolution
		HideSolutionNode = FALSE
	EndGlobalSection
	GlobalSection(ExtensibilityGlobals) = postSolution
		SolutionGuid = {9C1D714A-366A-48DA-A8EA-80A9A523FC4C}
	EndGlobalSection
EndGlobal
